
Microsoft Visual Studio Solution File, Format Version 12.00
# Visual Studio Version 17
VisualStudioVersion = 17.14.36414.22 d17.14
MinimumVisualStudioVersion = 10.0.40219.1
Project("{FAE04EC0-301F-11D3-BF4B-00C04F79EFBC}") = "NEU25G_Labb1", "NEU25G_Labb1.csproj", "{3932698E-4220-4291-B110-154A04C284BD}"
EndProject
Global
	GlobalSection(SolutionConfigurationPlatforms) = preSolution
		Debug|Any CPU = Debug|Any CPU
		Release|Any CPU = Release|Any CPU
	EndGlobalSection
	GlobalSection(ProjectConfigurationPlatforms) = postSolution
		{3932698E-4220-4291-B110-154A04C284BD}.Debug|Any CPU.ActiveCfg = Debug|Any CPU
		{3932698E-4220-4291-B110-154A04C284BD}.Debug|Any CPU.Build.0 = Debug|Any CPU
		{3932698E-4220-4291-B110-154A04C284BD}.Release|Any CPU.ActiveCfg = Release|Any CPU
		{3932698E-4220-4291-B110-154A04C284BD}.Release|Any CPU.Build.0 = Release|Any CPU
	EndGlobalSection
	GlobalSection(SolutionProperties) = preSolution
		HideSolutionNode = FALSE
	EndGlobalSection
	GlobalSection(ExtensibilityGlobals) = postSolution
		SolutionGuid = {F35EE0E9-65DB-4F9A-820B-4A0A12520DAA}
	EndGlobalSection
EndGlobal
